
Microsoft Visual Studio Solution File, Format Version 12.00
# Visual Studio Version 17
VisualStudioVersion = 17.4.33110.190
MinimumVisualStudioVersion = 10.0.40219.1
Project("{8BC9CEB8-8B4A-11D0-8D11-00A0C91BC942}") = "Practic18.05", "Practic18.05\Practic18.05.vcxproj", "{79EC2A7B-BAD9-44E0-AD02-26B7E16174EC}"
EndProject
Global
	GlobalSection(SolutionConfigurationPlatforms) = preSolution
		Debug|x64 = Debug|x64
		Debug|x86 = Debug|x86
		Release|x64 = Release|x64
		Release|x86 = Release|x86
	EndGlobalSection
	GlobalSection(ProjectConfigurationPlatforms) = postSolution
		{79EC2A7B-BAD9-44E0-AD02-26B7E16174EC}.Debug|x64.ActiveCfg = Debug|x64
		{79EC2A7B-BAD9-44E0-AD02-26B7E16174EC}.Debug|x64.Build.0 = Debug|x64
		{79EC2A7B-BAD9-44E0-AD02-26B7E16174EC}.Debug|x86.ActiveCfg = Debug|Win32
		{79EC2A7B-BAD9-44E0-AD02-26B7E16174EC}.Debug|x86.Build.0 = Debug|Win32
		{79EC2A7B-BAD9-44E0-AD02-26B7E16174EC}.Release|x64.ActiveCfg = Release|x64
		{79EC2A7B-BAD9-44E0-AD02-26B7E16174EC}.Release|x64.Build.0 = Release|x64
		{79EC2A7B-BAD9-44E0-AD02-26B7E16174EC}.Release|x86.ActiveCfg = Release|Win32
		{79EC2A7B-BAD9-44E0-AD02-26B7E16174EC}.Release|x86.Build.0 = Release|Win32
	EndGlobalSection
	GlobalSection(SolutionProperties) = preSolution
		HideSolutionNode = FALSE
	EndGlobalSection
	GlobalSection(ExtensibilityGlobals) = postSolution
		SolutionGuid = {F52106E4-ED02-481D-964E-B121DB3D53D0}
	EndGlobalSection
EndGlobal
